// !$*UTF8*$!
{
	archiveVersion = 1;
	classes = {
	};
	objectVersion = 46;
	objects = {

/* Begin PBXBuildFile section */
		BA71EA691B6969C400BBD9BA /* main.m in Sources */ = {isa = PBXBuildFile; fileRef = BA71EA681B6969C400BBD9BA /* main.m */; };
		BA71EA6C1B6969C400BBD9BA /* AppDelegate.m in Sources */ = {isa = PBXBuildFile; fileRef = BA71EA6B1B6969C400BBD9BA /* AppDelegate.m */; };
		BA71EA6F1B6969C400BBD9BA /* MainViewController.m in Sources */ = {isa = PBXBuildFile; fileRef = BA71EA6E1B6969C400BBD9BA /* MainViewController.m */; };
		BA71EA721B6969C400BBD9BA /* Main.storyboard in Resources */ = {isa = PBXBuildFile; fileRef = BA71EA701B6969C400BBD9BA /* Main.storyboard */; };
		BA71EA741B6969C400BBD9BA /* Images.xcassets in Resources */ = {isa = PBXBuildFile; fileRef = BA71EA731B6969C400BBD9BA /* Images.xcassets */; };
		BA71EA771B6969C400BBD9BA /* LaunchScreen.xib in Resources */ = {isa = PBXBuildFile; fileRef = BA71EA751B6969C400BBD9BA /* LaunchScreen.xib */; };
		BA71EA831B6969C400BBD9BA /* ZaHunterTests.m in Sources */ = {isa = PBXBuildFile; fileRef = BA71EA821B6969C400BBD9BA /* ZaHunterTests.m */; };
		BA71EA911B697CFF00BBD9BA /* Pizzeria.m in Sources */ = {isa = PBXBuildFile; fileRef = BA71EA901B697CFF00BBD9BA /* Pizzeria.m */; };
		BA71EA941B699F9B00BBD9BA /* DirectionViewController.m in Sources */ = {isa = PBXBuildFile; fileRef = BA71EA931B699F9B00BBD9BA /* DirectionViewController.m */; };
		BA71EA971B69A54A00BBD9BA /* CustomAnnotationStuff.m in Sources */ = {isa = PBXBuildFile; fileRef = BA71EA961B69A54A00BBD9BA /* CustomAnnotationStuff.m */; };
/* End PBXBuildFile section */

/* Begin PBXContainerItemProxy section */
		BA71EA7D1B6969C400BBD9BA /* PBXContainerItemProxy */ = {
			isa = PBXContainerItemProxy;
			containerPortal = BA71EA5B1B6969C400BBD9BA /* Project object */;
			proxyType = 1;
			remoteGlobalIDString = BA71EA621B6969C400BBD9BA;
			remoteInfo = ZaHunter;
		};
/* End PBXContainerItemProxy section */

/* Begin PBXFileReference section */
		BA71EA631B6969C400BBD9BA /* ZaHunter.app */ = {isa = PBXFileReference; explicitFileType = wrapper.application; includeInIndex = 0; path = ZaHunter.app; sourceTree = BUILT_PRODUCTS_DIR; };
		BA71EA671B6969C400BBD9BA /* Info.plist */ = {isa = PBXFileReference; lastKnownFileType = text.plist.xml; path = Info.plist; sourceTree = "<group>"; };
		BA71EA681B6969C400BBD9BA /* main.m */ = {isa = PBXFileReference; lastKnownFileType = sourcecode.c.objc; path = main.m; sourceTree = "<group>"; };
		BA71EA6A1B6969C400BBD9BA /* AppDelegate.h */ = {isa = PBXFileReference; lastKnownFileType = sourcecode.c.h; path = AppDelegate.h; sourceTree = "<group>"; };
		BA71EA6B1B6969C400BBD9BA /* AppDelegate.m */ = {isa = PBXFileReference; lastKnownFileType = sourcecode.c.objc; path = AppDelegate.m; sourceTree = "<group>"; };
		BA71EA6D1B6969C400BBD9BA /* MainViewController.h */ = {isa = PBXFileReference; lastKnownFileType = sourcecode.c.h; path = MainViewController.h; sourceTree = "<group>"; };
		BA71EA6E1B6969C400BBD9BA /* MainViewController.m */ = {isa = PBXFileReference; lastKnownFileType = sourcecode.c.objc; path = MainViewController.m; sourceTree = "<group>"; };
		BA71EA711B6969C400BBD9BA /* Base */ = {isa = PBXFileReference; lastKnownFileType = file.storyboard; name = Base; path = Base.lproj/Main.storyboard; sourceTree = "<group>"; };
		BA71EA731B6969C400BBD9BA /* Images.xcassets */ = {isa = PBXFileReference; lastKnownFileType = folder.assetcatalog; path = Images.xcassets; sourceTree = "<group>"; };
		BA71EA761B6969C400BBD9BA /* Base */ = {isa = PBXFileReference; lastKnownFileType = file.xib; name = Base; path = Base.lproj/LaunchScreen.xib; sourceTree = "<group>"; };
		BA71EA7C1B6969C400BBD9BA /* ZaHunterTests.xctest */ = {isa = PBXFileReference; explicitFileType = wrapper.cfbundle; includeInIndex = 0; path = ZaHunterTests.xctest; sourceTree = BUILT_PRODUCTS_DIR; };
		BA71EA811B6969C400BBD9BA /* Info.plist */ = {isa = PBXFileReference; lastKnownFileType = text.plist.xml; path = Info.plist; sourceTree = "<group>"; };
		BA71EA821B6969C400BBD9BA /* ZaHunterTests.m */ = {isa = PBXFileReference; lastKnownFileType = sourcecode.c.objc; path = ZaHunterTests.m; sourceTree = "<group>"; };
		BA71EA8F1B697CF400BBD9BA /* Pizzeria.h */ = {isa = PBXFileReference; lastKnownFileType = sourcecode.c.h; path = Pizzeria.h; sourceTree = "<group>"; };
		BA71EA901B697CFF00BBD9BA /* Pizzeria.m */ = {isa = PBXFileReference; fileEncoding = 4; lastKnownFileType = sourcecode.c.objc; path = Pizzeria.m; sourceTree = "<group>"; };
		BA71EA921B699F9B00BBD9BA /* DirectionViewController.h */ = {isa = PBXFileReference; fileEncoding = 4; lastKnownFileType = sourcecode.c.h; path = DirectionViewController.h; sourceTree = "<group>"; };
		BA71EA931B699F9B00BBD9BA /* DirectionViewController.m */ = {isa = PBXFileReference; fileEncoding = 4; lastKnownFileType = sourcecode.c.objc; path = DirectionViewController.m; sourceTree = "<group>"; };
		BA71EA951B69A54A00BBD9BA /* CustomAnnotationStuff.h */ = {isa = PBXFileReference; fileEncoding = 4; lastKnownFileType = sourcecode.c.h; path = CustomAnnotationStuff.h; sourceTree = "<group>"; };
		BA71EA961B69A54A00BBD9BA /* CustomAnnotationStuff.m */ = {isa = PBXFileReference; fileEncoding = 4; lastKnownFileType = sourcecode.c.objc; path = CustomAnnotationStuff.m; sourceTree = "<group>"; };
/* End PBXFileReference section */

/* Begin PBXFrameworksBuildPhase section */
		BA71EA601B6969C400BBD9BA /* Frameworks */ = {
			isa = PBXFrameworksBuildPhase;
			buildActionMask = 2147483647;
			files = (
			);
			runOnlyForDeploymentPostprocessing = 0;
		};
		BA71EA791B6969C400BBD9BA /* Frameworks */ = {
			isa = PBXFrameworksBuildPhase;
			buildActionMask = 2147483647;
			files = (
			);
			runOnlyForDeploymentPostprocessing = 0;
		};
/* End PBXFrameworksBuildPhase section */

/* Begin PBXGroup section */
		BA71EA5A1B6969C400BBD9BA = {
			isa = PBXGroup;
			children = (
				BA71EA651B6969C400BBD9BA /* ZaHunter */,
				BA71EA7F1B6969C400BBD9BA /* ZaHunterTests */,
				BA71EA641B6969C400BBD9BA /* Products */,
			);
			sourceTree = "<group>";
		};
		BA71EA641B6969C400BBD9BA /* Products */ = {
			isa = PBXGroup;
			children = (
				BA71EA631B6969C400BBD9BA /* ZaHunter.app */,
				BA71EA7C1B6969C400BBD9BA /* ZaHunterTests.xctest */,
			);
			name = Products;
			sourceTree = "<group>";
		};
		BA71EA651B6969C400BBD9BA /* ZaHunter */ = {
			isa = PBXGroup;
			children = (
				BA71EA6A1B6969C400BBD9BA /* AppDelegate.h */,
				BA71EA6B1B6969C400BBD9BA /* AppDelegate.m */,
				BA71EA6D1B6969C400BBD9BA /* MainViewController.h */,
				BA71EA6E1B6969C400BBD9BA /* MainViewController.m */,
				BA71EA921B699F9B00BBD9BA /* DirectionViewController.h */,
				BA71EA931B699F9B00BBD9BA /* DirectionViewController.m */,
				BA71EA951B69A54A00BBD9BA /* CustomAnnotationStuff.h */,
				BA71EA961B69A54A00BBD9BA /* CustomAnnotationStuff.m */,
				BA71EA8F1B697CF400BBD9BA /* Pizzeria.h */,
				BA71EA901B697CFF00BBD9BA /* Pizzeria.m */,
				BA71EA701B6969C400BBD9BA /* Main.storyboard */,
				BA71EA731B6969C400BBD9BA /* Images.xcassets */,
				BA71EA751B6969C400BBD9BA /* LaunchScreen.xib */,
				BA71EA661B6969C400BBD9BA /* Supporting Files */,
			);
			path = ZaHunter;
			sourceTree = "<group>";
		};
		BA71EA661B6969C400BBD9BA /* Supporting Files */ = {
			isa = PBXGroup;
			children = (
				BA71EA671B6969C400BBD9BA /* Info.plist */,
				BA71EA681B6969C400BBD9BA /* main.m */,
			);
			name = "Supporting Files";
			sourceTree = "<group>";
		};
		BA71EA7F1B6969C400BBD9BA /* ZaHunterTests */ = {
			isa = PBXGroup;
			children = (
				BA71EA821B6969C400BBD9BA /* ZaHunterTests.m */,
				BA71EA801B6969C400BBD9BA /* Supporting Files */,
			);
			path = ZaHunterTests;
			sourceTree = "<group>";
		};
		BA71EA801B6969C400BBD9BA /* Supporting Files */ = {
			isa = PBXGroup;
			children = (
				BA71EA811B6969C400BBD9BA /* Info.plist */,
			);
			name = "Supporting Files";
			sourceTree = "<group>";
		};
/* End PBXGroup section */

/* Begin PBXNativeTarget section */
		BA71EA621B6969C400BBD9BA /* ZaHunter */ = {
			isa = PBXNativeTarget;
			buildConfigurationList = BA71EA861B6969C400BBD9BA /* Build configuration list for PBXNativeTarget "ZaHunter" */;
			buildPhases = (
				BA71EA5F1B6969C400BBD9BA /* Sources */,
				BA71EA601B6969C400BBD9BA /* Frameworks */,
				BA71EA611B6969C400BBD9BA /* Resources */,
			);
			buildRules = (
			);
			dependencies = (
			);
			name = ZaHunter;
			productName = ZaHunter;
			productReference = BA71EA631B6969C400BBD9BA /* ZaHunter.app */;
			productType = "com.apple.product-type.application";
		};
		BA71EA7B1B6969C400BBD9BA /* ZaHunterTests */ = {
			isa = PBXNativeTarget;
			buildConfigurationList = BA71EA891B6969C400BBD9BA /* Build configuration list for PBXNativeTarget "ZaHunterTests" */;
			buildPhases = (
				BA71EA781B6969C400BBD9BA /* Sources */,
				BA71EA791B6969C400BBD9BA /* Frameworks */,
				BA71EA7A1B6969C400BBD9BA /* Resources */,
			);
			buildRules = (
			);
			dependencies = (
				BA71EA7E1B6969C400BBD9BA /* PBXTargetDependency */,
			);
			name = ZaHunterTests;
			productName = ZaHunterTests;
			productReference = BA71EA7C1B6969C400BBD9BA /* ZaHunterTests.xctest */;
			productType = "com.apple.product-type.bundle.unit-test";
		};
/* End PBXNativeTarget section */

/* Begin PBXProject section */
		BA71EA5B1B6969C400BBD9BA /* Project object */ = {
			isa = PBXProject;
			attributes = {
				LastUpgradeCheck = 0640;
				ORGANIZATIONNAME = "Ben Cooper";
				TargetAttributes = {
					BA71EA621B6969C400BBD9BA = {
						CreatedOnToolsVersion = 6.4;
					};
					BA71EA7B1B6969C400BBD9BA = {
						CreatedOnToolsVersion = 6.4;
						TestTargetID = BA71EA621B6969C400BBD9BA;
					};
				};
			};
			buildConfigurationList = BA71EA5E1B6969C400BBD9BA /* Build configuration list for PBXProject "ZaHunter" */;
			compatibilityVersion = "Xcode 3.2";
			developmentRegion = English;
			hasScannedForEncodings = 0;
			knownRegions = (
				en,
				Base,
			);
			mainGroup = BA71EA5A1B6969C400BBD9BA;
			productRefGroup = BA71EA641B6969C400BBD9BA /* Products */;
			projectDirPath = "";
			projectRoot = "";
			targets = (
				BA71EA621B6969C400BBD9BA /* ZaHunter */,
				BA71EA7B1B6969C400BBD9BA /* ZaHunterTests */,
			);
		};
/* End PBXProject section */

/* Begin PBXResourcesBuildPhase section */
		BA71EA611B6969C400BBD9BA /* Resources */ = {
			isa = PBXResourcesBuildPhase;
			buildActionMask = 2147483647;
			files = (
				BA71EA721B6969C400BBD9BA /* Main.storyboard in Resources */,
				BA71EA771B6969C400BBD9BA /* LaunchScreen.xib in Resources */,
				BA71EA741B6969C400BBD9BA /* Images.xcassets in Resources */,
			);
			runOnlyForDeploymentPostprocessing = 0;
		};
		BA71EA7A1B6969C400BBD9BA /* Resources */ = {
			isa = PBXResourcesBuildPhase;
			buildActionMask = 2147483647;
			files = (
			);
			runOnlyForDeploymentPostprocessing = 0;
		};
/* End PBXResourcesBuildPhase section */

/* Begin PBXSourcesBuildPhase section */
		BA71EA5F1B6969C400BBD9BA /* Sources */ = {
			isa = PBXSourcesBuildPhase;
			buildActionMask = 2147483647;
			files = (
				BA71EA971B69A54A00BBD9BA /* CustomAnnotationStuff.m in Sources */,
				BA71EA6F1B6969C400BBD9BA /* MainViewController.m in Sources */,
				BA71EA6C1B6969C400BBD9BA /* AppDelegate.m in Sources */,
				BA71EA691B6969C400BBD9BA /* main.m in Sources */,
				BA71EA911B697CFF00BBD9BA /* Pizzeria.m in Sources */,
				BA71EA941B699F9B00BBD9BA /* DirectionViewController.m in Sources */,
			);
			runOnlyForDeploymentPostprocessing = 0;
		};
		BA71EA781B6969C400BBD9BA /* Sources */ = {
			isa = PBXSourcesBuildPhase;
			buildActionMask = 2147483647;
			files = (
				BA71EA831B6969C400BBD9BA /* ZaHunterTests.m in Sources */,
			);
			runOnlyForDeploymentPostprocessing = 0;
		};
/* End PBXSourcesBuildPhase section */

/* Begin PBXTargetDependency section */
		BA71EA7E1B6969C400BBD9BA /* PBXTargetDependency */ = {
			isa = PBXTargetDependency;
			target = BA71EA621B6969C400BBD9BA /* ZaHunter */;
			targetProxy = BA71EA7D1B6969C400BBD9BA /* PBXContainerItemProxy */;
		};
/* End PBXTargetDependency section */

/* Begin PBXVariantGroup section */
		BA71EA701B6969C400BBD9BA /* Main.storyboard */ = {
			isa = PBXVariantGroup;
			children = (
				BA71EA711B6969C400BBD9BA /* Base */,
			);
			name = Main.storyboard;
			sourceTree = "<group>";
		};
		BA71EA751B6969C400BBD9BA /* LaunchScreen.xib */ = {
			isa = PBXVariantGroup;
			children = (
				BA71EA761B6969C400BBD9BA /* Base */,
			);
			name = LaunchScreen.xib;
			sourceTree = "<group>";
		};
/* End PBXVariantGroup section */

/* Begin XCBuildConfiguration section */
		BA71EA841B6969C400BBD9BA /* Debug */ = {
			isa = XCBuildConfiguration;
			buildSettings = {
				ALWAYS_SEARCH_USER_PATHS = NO;
				CLANG_CXX_LANGUAGE_STANDARD = "gnu++0x";
				CLANG_CXX_LIBRARY = "libc++";
				CLANG_ENABLE_MODULES = YES;
				CLANG_ENABLE_OBJC_ARC = YES;
				CLANG_WARN_BOOL_CONVERSION = YES;
				CLANG_WARN_CONSTANT_CONVERSION = YES;
				CLANG_WARN_DIRECT_OBJC_ISA_USAGE = YES_ERROR;
				CLANG_WARN_EMPTY_BODY = YES;
				CLANG_WARN_ENUM_CONVERSION = YES;
				CLANG_WARN_INT_CONVERSION = YES;
				CLANG_WARN_OBJC_ROOT_CLASS = YES_ERROR;
				CLANG_WARN_UNREACHABLE_CODE = YES;
				CLANG_WARN__DUPLICATE_METHOD_MATCH = YES;
				"CODE_SIGN_IDENTITY[sdk=iphoneos*]" = "iPhone Developer";
				COPY_PHASE_STRIP = NO;
				DEBUG_INFORMATION_FORMAT = dwarf;
				ENABLE_STRICT_OBJC_MSGSEND = YES;
				GCC_C_LANGUAGE_STANDARD = gnu99;
				GCC_DYNAMIC_NO_PIC = NO;
				GCC_NO_COMMON_BLOCKS = YES;
				GCC_OPTIMIZATION_LEVEL = 0;
				GCC_PREPROCESSOR_DEFINITIONS = (
					"DEBUG=1",
					"$(inherited)",
				);
				GCC_SYMBOLS_PRIVATE_EXTERN = NO;
				GCC_WARN_64_TO_32_BIT_CONVERSION = YES;
				GCC_WARN_ABOUT_RETURN_TYPE = YES_ERROR;
				GCC_WARN_UNDECLARED_SELECTOR = YES;
				GCC_WARN_UNINITIALIZED_AUTOS = YES_AGGRESSIVE;
				GCC_WARN_UNUSED_FUNCTION = YES;
				GCC_WARN_UNUSED_VARIABLE = YES;
				IPHONEOS_DEPLOYMENT_TARGET = 8.4;
				MTL_ENABLE_DEBUG_INFO = YES;
				ONLY_ACTIVE_ARCH = YES;
				SDKROOT = iphoneos;
			};
			name = Debug;
		};
		BA71EA851B6969C400BBD9BA /* Release */ = {
			isa = XCBuildConfiguration;
			buildSettings = {
				ALWAYS_SEARCH_USER_PATHS = NO;
				CLANG_CXX_LANGUAGE_STANDARD = "gnu++0x";
				CLANG_CXX_LIBRARY = "libc++";
				CLANG_ENABLE_MODULES = YES;
				CLANG_ENABLE_OBJC_ARC = YES;
				CLANG_WARN_BOOL_CONVERSION = YES;
				CLANG_WARN_CONSTANT_CONVERSION = YES;
				CLANG_WARN_DIRECT_OBJC_ISA_USAGE = YES_ERROR;
				CLANG_WARN_EMPTY_BODY = YES;
				CLANG_WARN_ENUM_CONVERSION = YES;
				CLANG_WARN_INT_CONVERSION = YES;
				CLANG_WARN_OBJC_ROOT_CLASS = YES_ERROR;
				CLANG_WARN_UNREACHABLE_CODE = YES;
				CLANG_WARN__DUPLICATE_METHOD_MATCH = YES;
				"CODE_SIGN_IDENTITY[sdk=iphoneos*]" = "iPhone Developer";
				COPY_PHASE_STRIP = NO;
				DEBUG_INFORMATION_FORMAT = dwarf;
				ENABLE_NS_ASSERTIONS = NO;
				ENABLE_STRICT_OBJC_MSGSEND = YES;
				GCC_C_LANGUAGE_STANDARD = gnu99;
				GCC_NO_COMMON_BLOCKS = YES;
				GCC_WARN_64_TO_32_BIT_CONVERSION = YES;
				GCC_WARN_ABOUT_RETURN_TYPE = YES_ERROR;
				GCC_WARN_UNDECLARED_SELECTOR = YES;
				GCC_WARN_UNINITIALIZED_AUTOS = YES_AGGRESSIVE;
				GCC_WARN_UNUSED_FUNCTION = YES;
				GCC_WARN_UNUSED_VARIABLE = YES;
				IPHONEOS_DEPLOYMENT_TARGET = 8.4;
				MTL_ENABLE_DEBUG_INFO = NO;
				SDKROOT = iphoneos;
				VALIDATE_PRODUCT = YES;
			};
			name = Release;
		};
		BA71EA871B6969C400BBD9BA /* Debug */ = {
			isa = XCBuildConfiguration;
			buildSettings = {
				ASSETCATALOG_COMPILER_APPICON_NAME = AppIcon;
				INFOPLIST_FILE = ZaHunter/Info.plist;
				LD_RUNPATH_SEARCH_PATHS = "$(inherited) @executable_path/Frameworks";
				PRODUCT_NAME = "$(TARGET_NAME)";
			};
			name = Debug;
		};
		BA71EA881B6969C400BBD9BA /* Release */ = {
			isa = XCBuildConfiguration;
			buildSettings = {
				ASSETCATALOG_COMPILER_APPICON_NAME = AppIcon;
				INFOPLIST_FILE = ZaHunter/Info.plist;
				LD_RUNPATH_SEARCH_PATHS = "$(inherited) @executable_path/Frameworks";
				PRODUCT_NAME = "$(TARGET_NAME)";
			};
			name = Release;
		};
		BA71EA8A1B6969C400BBD9BA /* Debug */ = {
			isa = XCBuildConfiguration;
			buildSettings = {
				BUNDLE_LOADER = "$(TEST_HOST)";
				FRAMEWORK_SEARCH_PATHS = (
					"$(SDKROOT)/Developer/Library/Frameworks",
					"$(inherited)",
				);
				GCC_PREPROCESSOR_DEFINITIONS = (
					"DEBUG=1",
					"$(inherited)",
				);
				INFOPLIST_FILE = ZaHunterTests/Info.plist;
				LD_RUNPATH_SEARCH_PATHS = "$(inherited) @executable_path/Frameworks @loader_path/Frameworks";
				PRODUCT_NAME = "$(TARGET_NAME)";
				TEST_HOST = "$(BUILT_PRODUCTS_DIR)/ZaHunter.app/ZaHunter";
			};
			name = Debug;
		};
		BA71EA8B1B6969C400BBD9BA /* Release */ = {
			isa = XCBuildConfiguration;
			buildSettings = {
				BUNDLE_LOADER = "$(TEST_HOST)";
				FRAMEWORK_SEARCH_PATHS = (
					"$(SDKROOT)/Developer/Library/Frameworks",
					"$(inherited)",
				);
				INFOPLIST_FILE = ZaHunterTests/Info.plist;
				LD_RUNPATH_SEARCH_PATHS = "$(inherited) @executable_path/Frameworks @loader_path/Frameworks";
				PRODUCT_NAME = "$(TARGET_NAME)";
				TEST_HOST = "$(BUILT_PRODUCTS_DIR)/ZaHunter.app/ZaHunter";
			};
			name = Release;
		};
/* End XCBuildConfiguration section */

/* Begin XCConfigurationList section */
		BA71EA5E1B6969C400BBD9BA /* Build configuration list for PBXProject "ZaHunter" */ = {
			isa = XCConfigurationList;
			buildConfigurations = (
				BA71EA841B6969C400BBD9BA /* Debug */,
				BA71EA851B6969C400BBD9BA /* Release */,
			);
			defaultConfigurationIsVisible = 0;
			defaultConfigurationName = Release;
		};
		BA71EA861B6969C400BBD9BA /* Build configuration list for PBXNativeTarget "ZaHunter" */ = {
			isa = XCConfigurationList;
			buildConfigurations = (
				BA71EA871B6969C400BBD9BA /* Debug */,
				BA71EA881B6969C400BBD9BA /* Release */,
			);
			defaultConfigurationIsVisible = 0;
		};
		BA71EA891B6969C400BBD9BA /* Build configuration list for PBXNativeTarget "ZaHunterTests" */ = {
			isa = XCConfigurationList;
			buildConfigurations = (
				BA71EA8A1B6969C400BBD9BA /* Debug */,
				BA71EA8B1B6969C400BBD9BA /* Release */,
			);
			defaultConfigurationIsVisible = 0;
		};
/* End XCConfigurationList section */
	};
	rootObject = BA71EA5B1B6969C400BBD9BA /* Project object */;
}
